
Microsoft Visual Studio Solution File, Format Version 12.00
# Visual Studio Version 17
VisualStudioVersion = 17.14.36301.6
MinimumVisualStudioVersion = 10.0.40219.1
Project("{FAE04EC0-301F-11D3-BF4B-00C04F79EFBC}") = "Report", "Report.csproj", "{D12C1E1C-E16D-49D5-9585-4A96AC36CBFD}"
EndProject
Project("{FAE04EC0-301F-11D3-BF4B-00C04F79EFBC}") = "U5", "..\U5\U5.csproj", "{227CF242-111B-4B76-8B91-2ABFB5EC798F}"
EndProject
Project("{FAE04EC0-301F-11D3-BF4B-00C04F79EFBC}") = "U1", "..\U1\U1.csproj", "{B3AE6CCA-A42C-4323-B4BC-F19AE234C79C}"
EndProject
Project("{FAE04EC0-301F-11D3-BF4B-00C04F79EFBC}") = "U4", "..\U4\U4.csproj", "{C48FC76C-9831-4933-9E18-61ECAB8F8AB9}"
EndProject
Project("{FAE04EC0-301F-11D3-BF4B-00C04F79EFBC}") = "U3", "..\U3\U3.csproj", "{9C29C783-5D8F-449D-8CF5-90D68AC064B9}"
EndProject
Project("{FAE04EC0-301F-11D3-BF4B-00C04F79EFBC}") = "U2", "..\U2\U2.csproj", "{4727A80F-087E-451B-8C71-99D53972A25F}"
EndProject
Global
	GlobalSection(SolutionConfigurationPlatforms) = preSolution
		Debug|Any CPU = Debug|Any CPU
		Release|Any CPU = Release|Any CPU
	EndGlobalSection
	GlobalSection(ProjectConfigurationPlatforms) = postSolution
		{D12C1E1C-E16D-49D5-9585-4A96AC36CBFD}.Debug|Any CPU.ActiveCfg = Debug|Any CPU
		{D12C1E1C-E16D-49D5-9585-4A96AC36CBFD}.Debug|Any CPU.Build.0 = Debug|Any CPU
		{D12C1E1C-E16D-49D5-9585-4A96AC36CBFD}.Release|Any CPU.ActiveCfg = Release|Any CPU
		{D12C1E1C-E16D-49D5-9585-4A96AC36CBFD}.Release|Any CPU.Build.0 = Release|Any CPU
		{227CF242-111B-4B76-8B91-2ABFB5EC798F}.Debug|Any CPU.ActiveCfg = Debug|Any CPU
		{227CF242-111B-4B76-8B91-2ABFB5EC798F}.Debug|Any CPU.Build.0 = Debug|Any CPU
		{227CF242-111B-4B76-8B91-2ABFB5EC798F}.Release|Any CPU.ActiveCfg = Release|Any CPU
		{227CF242-111B-4B76-8B91-2ABFB5EC798F}.Release|Any CPU.Build.0 = Release|Any CPU
		{B3AE6CCA-A42C-4323-B4BC-F19AE234C79C}.Debug|Any CPU.ActiveCfg = Debug|Any CPU
		{B3AE6CCA-A42C-4323-B4BC-F19AE234C79C}.Debug|Any CPU.Build.0 = Debug|Any CPU
		{B3AE6CCA-A42C-4323-B4BC-F19AE234C79C}.Release|Any CPU.ActiveCfg = Release|Any CPU
		{B3AE6CCA-A42C-4323-B4BC-F19AE234C79C}.Release|Any CPU.Build.0 = Release|Any CPU
		{C48FC76C-9831-4933-9E18-61ECAB8F8AB9}.Debug|Any CPU.ActiveCfg = Debug|Any CPU
		{C48FC76C-9831-4933-9E18-61ECAB8F8AB9}.Debug|Any CPU.Build.0 = Debug|Any CPU
		{C48FC76C-9831-4933-9E18-61ECAB8F8AB9}.Release|Any CPU.ActiveCfg = Release|Any CPU
		{C48FC76C-9831-4933-9E18-61ECAB8F8AB9}.Release|Any CPU.Build.0 = Release|Any CPU
		{9C29C783-5D8F-449D-8CF5-90D68AC064B9}.Debug|Any CPU.ActiveCfg = Debug|Any CPU
		{9C29C783-5D8F-449D-8CF5-90D68AC064B9}.Debug|Any CPU.Build.0 = Debug|Any CPU
		{9C29C783-5D8F-449D-8CF5-90D68AC064B9}.Release|Any CPU.ActiveCfg = Release|Any CPU
		{9C29C783-5D8F-449D-8CF5-90D68AC064B9}.Release|Any CPU.Build.0 = Release|Any CPU
		{4727A80F-087E-451B-8C71-99D53972A25F}.Debug|Any CPU.ActiveCfg = Debug|Any CPU
		{4727A80F-087E-451B-8C71-99D53972A25F}.Debug|Any CPU.Build.0 = Debug|Any CPU
		{4727A80F-087E-451B-8C71-99D53972A25F}.Release|Any CPU.ActiveCfg = Release|Any CPU
		{4727A80F-087E-451B-8C71-99D53972A25F}.Release|Any CPU.Build.0 = Release|Any CPU
	EndGlobalSection
	GlobalSection(SolutionProperties) = preSolution
		HideSolutionNode = FALSE
	EndGlobalSection
	GlobalSection(ExtensibilityGlobals) = postSolution
		SolutionGuid = {D4555830-DEFE-4852-B0BE-BB436C00424F}
	EndGlobalSection
EndGlobal
