
Microsoft Visual Studio Solution File, Format Version 12.00
# Visual Studio Version 17
VisualStudioVersion = 17.14.36301.6
MinimumVisualStudioVersion = 10.0.40219.1
Project("{FAE04EC0-301F-11D3-BF4B-00C04F79EFBC}") = "Report", "Report.csproj", "{D12C1E1C-E16D-49D5-9585-4A96AC36CBFD}"
EndProject
Global
	GlobalSection(SolutionConfigurationPlatforms) = preSolution
		Debug|Any CPU = Debug|Any CPU
		Release|Any CPU = Release|Any CPU
	EndGlobalSection
	GlobalSection(ProjectConfigurationPlatforms) = postSolution
		{D12C1E1C-E16D-49D5-9585-4A96AC36CBFD}.Debug|Any CPU.ActiveCfg = Debug|Any CPU
		{D12C1E1C-E16D-49D5-9585-4A96AC36CBFD}.Debug|Any CPU.Build.0 = Debug|Any CPU
		{D12C1E1C-E16D-49D5-9585-4A96AC36CBFD}.Release|Any CPU.ActiveCfg = Release|Any CPU
		{D12C1E1C-E16D-49D5-9585-4A96AC36CBFD}.Release|Any CPU.Build.0 = Release|Any CPU
	EndGlobalSection
	GlobalSection(SolutionProperties) = preSolution
		HideSolutionNode = FALSE
	EndGlobalSection
	GlobalSection(ExtensibilityGlobals) = postSolution
		SolutionGuid = {D4555830-DEFE-4852-B0BE-BB436C00424F}
	EndGlobalSection
EndGlobal
